
Microsoft Visual Studio Solution File, Format Version 12.00
# Visual Studio Version 16
VisualStudioVersion = 16.0.29509.3
MinimumVisualStudioVersion = 10.0.40219.1
Project("{FAE04EC0-301F-11D3-BF4B-00C04F79EFBC}") = "Ip Adres Bulucu", "Ip Adres Bulucu.csproj", "{3EF0BDF6-CB92-40C4-9FAE-C0DC2271CAC4}"
EndProject
Global
	GlobalSection(SolutionConfigurationPlatforms) = preSolution
		Debug|Any CPU = Debug|Any CPU
		Release|Any CPU = Release|Any CPU
	EndGlobalSection
	GlobalSection(ProjectConfigurationPlatforms) = postSolution
		{3EF0BDF6-CB92-40C4-9FAE-C0DC2271CAC4}.Debug|Any CPU.ActiveCfg = Debug|Any CPU
		{3EF0BDF6-CB92-40C4-9FAE-C0DC2271CAC4}.Debug|Any CPU.Build.0 = Debug|Any CPU
		{3EF0BDF6-CB92-40C4-9FAE-C0DC2271CAC4}.Release|Any CPU.ActiveCfg = Release|Any CPU
		{3EF0BDF6-CB92-40C4-9FAE-C0DC2271CAC4}.Release|Any CPU.Build.0 = Release|Any CPU
	EndGlobalSection
	GlobalSection(SolutionProperties) = preSolution
		HideSolutionNode = FALSE
	EndGlobalSection
	GlobalSection(ExtensibilityGlobals) = postSolution
		SolutionGuid = {C2E59BCC-5CA8-4A1C-8CBA-AAFCCE128239}
	EndGlobalSection
EndGlobal
