
Microsoft Visual Studio Solution File, Format Version 12.00
# Visual Studio Version 16
VisualStudioVersion = 16.0.30517.126
MinimumVisualStudioVersion = 10.0.40219.1
Project("{FAE04EC0-301F-11D3-BF4B-00C04F79EFBC}") = "Assault Hack", "Assault Hack\Assault Hack.csproj", "{9A733161-9749-48CF-B4D2-7A354CDF532C}"
EndProject
Global
	GlobalSection(SolutionConfigurationPlatforms) = preSolution
		Debug|Any CPU = Debug|Any CPU
		Release|Any CPU = Release|Any CPU
	EndGlobalSection
	GlobalSection(ProjectConfigurationPlatforms) = postSolution
		{9A733161-9749-48CF-B4D2-7A354CDF532C}.Debug|Any CPU.ActiveCfg = Debug|Any CPU
		{9A733161-9749-48CF-B4D2-7A354CDF532C}.Debug|Any CPU.Build.0 = Debug|Any CPU
		{9A733161-9749-48CF-B4D2-7A354CDF532C}.Release|Any CPU.ActiveCfg = Release|Any CPU
		{9A733161-9749-48CF-B4D2-7A354CDF532C}.Release|Any CPU.Build.0 = Release|Any CPU
	EndGlobalSection
	GlobalSection(SolutionProperties) = preSolution
		HideSolutionNode = FALSE
	EndGlobalSection
	GlobalSection(ExtensibilityGlobals) = postSolution
		SolutionGuid = {71A0E442-CE6C-462E-9F39-75D9F6991DE3}
	EndGlobalSection
EndGlobal
